
Microsoft Visual Studio Solution File, Format Version 12.00
# Visual Studio Version 16
VisualStudioVersion = 16.0.31729.503
MinimumVisualStudioVersion = 10.0.40219.1
Project("{9A19103F-16F7-4668-BE54-9A1E7A4F7556}") = "MagentoApi.SoapClient.RemoteServices.ComporiPrice", "src\MagentoApi.SoapClient.RemoteServices.ComporiPrice\MagentoApi.SoapClient.RemoteServices.ComporiPrice.csproj", "{D937436E-0F98-4749-835C-40EE174787EC}"
EndProject
Global
	GlobalSection(SolutionConfigurationPlatforms) = preSolution
		Debug|Any CPU = Debug|Any CPU
		Release|Any CPU = Release|Any CPU
	EndGlobalSection
	GlobalSection(ProjectConfigurationPlatforms) = postSolution
		{D937436E-0F98-4749-835C-40EE174787EC}.Debug|Any CPU.ActiveCfg = Debug|Any CPU
		{D937436E-0F98-4749-835C-40EE174787EC}.Debug|Any CPU.Build.0 = Debug|Any CPU
		{D937436E-0F98-4749-835C-40EE174787EC}.Release|Any CPU.ActiveCfg = Release|Any CPU
		{D937436E-0F98-4749-835C-40EE174787EC}.Release|Any CPU.Build.0 = Release|Any CPU
	EndGlobalSection
	GlobalSection(SolutionProperties) = preSolution
		HideSolutionNode = FALSE
	EndGlobalSection
	GlobalSection(ExtensibilityGlobals) = postSolution
		SolutionGuid = {D54BA651-C39E-4091-ABFA-D6145326EB55}
	EndGlobalSection
EndGlobal
